// !$*UTF8*$!
{
	archiveVersion = 1;
	classes = {
	};
	objectVersion = 50;
	objects = {

/* Begin PBXBuildFile section */
		B902BAE425939F6A0082A6DA /* Cell.swift in Sources */ = {isa = PBXBuildFile; fileRef = B902BAE325939F6A0082A6DA /* Cell.swift */; };
		B902BAF62593AA290082A6DA /* Routine.swift in Sources */ = {isa = PBXBuildFile; fileRef = B902BAF52593AA290082A6DA /* Routine.swift */; };
		B902BB1325941A4F0082A6DA /* Profile.swift in Sources */ = {isa = PBXBuildFile; fileRef = B902BB1225941A4F0082A6DA /* Profile.swift */; };
		B9057814259214B100262100 /* AppDelegate.swift in Sources */ = {isa = PBXBuildFile; fileRef = B9057813259214B100262100 /* AppDelegate.swift */; };
		B9057816259214B100262100 /* SceneDelegate.swift in Sources */ = {isa = PBXBuildFile; fileRef = B9057815259214B100262100 /* SceneDelegate.swift */; };
		B9057818259214B100262100 /* Home.swift in Sources */ = {isa = PBXBuildFile; fileRef = B9057817259214B100262100 /* Home.swift */; };
		B905781B259214B100262100 /* Main.storyboard in Resources */ = {isa = PBXBuildFile; fileRef = B9057819259214B100262100 /* Main.storyboard */; };
		B905781D259214B500262100 /* Assets.xcassets in Resources */ = {isa = PBXBuildFile; fileRef = B905781C259214B500262100 /* Assets.xcassets */; };
		B9057820259214B500262100 /* LaunchScreen.storyboard in Resources */ = {isa = PBXBuildFile; fileRef = B905781E259214B500262100 /* LaunchScreen.storyboard */; };
		B905782B259214B500262100 /* TodoTests.swift in Sources */ = {isa = PBXBuildFile; fileRef = B905782A259214B500262100 /* TodoTests.swift */; };
		B9057836259214B500262100 /* TodoUITests.swift in Sources */ = {isa = PBXBuildFile; fileRef = B9057835259214B500262100 /* TodoUITests.swift */; };
		B905784E25921FEE00262100 /* NavigationBar.xib in Resources */ = {isa = PBXBuildFile; fileRef = B905784D25921FEE00262100 /* NavigationBar.xib */; };
		B90578532592200300262100 /* NavigationBar.swift in Sources */ = {isa = PBXBuildFile; fileRef = B90578522592200300262100 /* NavigationBar.swift */; };
/* End PBXBuildFile section */

/* Begin PBXContainerItemProxy section */
		B9057827259214B500262100 /* PBXContainerItemProxy */ = {
			isa = PBXContainerItemProxy;
			containerPortal = B9057808259214B100262100 /* Project object */;
			proxyType = 1;
			remoteGlobalIDString = B905780F259214B100262100;
			remoteInfo = Todo;
		};
		B9057832259214B500262100 /* PBXContainerItemProxy */ = {
			isa = PBXContainerItemProxy;
			containerPortal = B9057808259214B100262100 /* Project object */;
			proxyType = 1;
			remoteGlobalIDString = B905780F259214B100262100;
			remoteInfo = Todo;
		};
/* End PBXContainerItemProxy section */

/* Begin PBXFileReference section */
		B902BAE325939F6A0082A6DA /* Cell.swift */ = {isa = PBXFileReference; lastKnownFileType = sourcecode.swift; path = Cell.swift; sourceTree = "<group>"; };
		B902BAF52593AA290082A6DA /* Routine.swift */ = {isa = PBXFileReference; lastKnownFileType = sourcecode.swift; path = Routine.swift; sourceTree = "<group>"; };
		B902BB1225941A4F0082A6DA /* Profile.swift */ = {isa = PBXFileReference; lastKnownFileType = sourcecode.swift; path = Profile.swift; sourceTree = "<group>"; };
		B9057810259214B100262100 /* Todo.app */ = {isa = PBXFileReference; explicitFileType = wrapper.application; includeInIndex = 0; path = Todo.app; sourceTree = BUILT_PRODUCTS_DIR; };
		B9057813259214B100262100 /* AppDelegate.swift */ = {isa = PBXFileReference; lastKnownFileType = sourcecode.swift; path = AppDelegate.swift; sourceTree = "<group>"; };
		B9057815259214B100262100 /* SceneDelegate.swift */ = {isa = PBXFileReference; lastKnownFileType = sourcecode.swift; path = SceneDelegate.swift; sourceTree = "<group>"; };
		B9057817259214B100262100 /* Home.swift */ = {isa = PBXFileReference; lastKnownFileType = sourcecode.swift; path = Home.swift; sourceTree = "<group>"; };
		B905781A259214B100262100 /* Base */ = {isa = PBXFileReference; lastKnownFileType = file.storyboard; name = Base; path = Base.lproj/Main.storyboard; sourceTree = "<group>"; };
		B905781C259214B500262100 /* Assets.xcassets */ = {isa = PBXFileReference; lastKnownFileType = folder.assetcatalog; path = Assets.xcassets; sourceTree = "<group>"; };
		B905781F259214B500262100 /* Base */ = {isa = PBXFileReference; lastKnownFileType = file.storyboard; name = Base; path = Base.lproj/LaunchScreen.storyboard; sourceTree = "<group>"; };
		B9057821259214B500262100 /* Info.plist */ = {isa = PBXFileReference; lastKnownFileType = text.plist.xml; path = Info.plist; sourceTree = "<group>"; };
		B9057826259214B500262100 /* TodoTests.xctest */ = {isa = PBXFileReference; explicitFileType = wrapper.cfbundle; includeInIndex = 0; path = TodoTests.xctest; sourceTree = BUILT_PRODUCTS_DIR; };
		B905782A259214B500262100 /* TodoTests.swift */ = {isa = PBXFileReference; lastKnownFileType = sourcecode.swift; path = TodoTests.swift; sourceTree = "<group>"; };
		B905782C259214B500262100 /* Info.plist */ = {isa = PBXFileReference; lastKnownFileType = text.plist.xml; path = Info.plist; sourceTree = "<group>"; };
		B9057831259214B500262100 /* TodoUITests.xctest */ = {isa = PBXFileReference; explicitFileType = wrapper.cfbundle; includeInIndex = 0; path = TodoUITests.xctest; sourceTree = BUILT_PRODUCTS_DIR; };
		B9057835259214B500262100 /* TodoUITests.swift */ = {isa = PBXFileReference; lastKnownFileType = sourcecode.swift; path = TodoUITests.swift; sourceTree = "<group>"; };
		B9057837259214B500262100 /* Info.plist */ = {isa = PBXFileReference; lastKnownFileType = text.plist.xml; path = Info.plist; sourceTree = "<group>"; };
		B905784D25921FEE00262100 /* NavigationBar.xib */ = {isa = PBXFileReference; lastKnownFileType = file.xib; path = NavigationBar.xib; sourceTree = "<group>"; };
		B90578522592200300262100 /* NavigationBar.swift */ = {isa = PBXFileReference; lastKnownFileType = sourcecode.swift; path = NavigationBar.swift; sourceTree = "<group>"; };
/* End PBXFileReference section */

/* Begin PBXFrameworksBuildPhase section */
		B905780D259214B100262100 /* Frameworks */ = {
			isa = PBXFrameworksBuildPhase;
			buildActionMask = 2147483647;
			files = (
			);
			runOnlyForDeploymentPostprocessing = 0;
		};
		B9057823259214B500262100 /* Frameworks */ = {
			isa = PBXFrameworksBuildPhase;
			buildActionMask = 2147483647;
			files = (
			);
			runOnlyForDeploymentPostprocessing = 0;
		};
		B905782E259214B500262100 /* Frameworks */ = {
			isa = PBXFrameworksBuildPhase;
			buildActionMask = 2147483647;
			files = (
			);
			runOnlyForDeploymentPostprocessing = 0;
		};
/* End PBXFrameworksBuildPhase section */

/* Begin PBXGroup section */
		B902BAE225939F560082A6DA /* Cells */ = {
			isa = PBXGroup;
			children = (
				B902BAE325939F6A0082A6DA /* Cell.swift */,
			);
			path = Cells;
			sourceTree = "<group>";
		};
		B902BAF42593AA0C0082A6DA /* Routine */ = {
			isa = PBXGroup;
			children = (
				B902BAF52593AA290082A6DA /* Routine.swift */,
			);
			path = Routine;
			sourceTree = "<group>";
		};
		B902BB1125941A3A0082A6DA /* Profile */ = {
			isa = PBXGroup;
			children = (
				B902BB1225941A4F0082A6DA /* Profile.swift */,
			);
			path = Profile;
			sourceTree = "<group>";
		};
		B9057807259214B100262100 = {
			isa = PBXGroup;
			children = (
				B9057812259214B100262100 /* Todo */,
				B9057829259214B500262100 /* TodoTests */,
				B9057834259214B500262100 /* TodoUITests */,
				B9057811259214B100262100 /* Products */,
			);
			sourceTree = "<group>";
		};
		B9057811259214B100262100 /* Products */ = {
			isa = PBXGroup;
			children = (
				B9057810259214B100262100 /* Todo.app */,
				B9057826259214B500262100 /* TodoTests.xctest */,
				B9057831259214B500262100 /* TodoUITests.xctest */,
			);
			name = Products;
			sourceTree = "<group>";
		};
		B9057812259214B100262100 /* Todo */ = {
			isa = PBXGroup;
			children = (
				B95D95DA2592D8FF006A373B /* Component */,
				B902BB1125941A3A0082A6DA /* Profile */,
				B902BAF42593AA0C0082A6DA /* Routine */,
				B95D95CB25923C99006A373B /* Home */,
				B9057813259214B100262100 /* AppDelegate.swift */,
				B9057819259214B100262100 /* Main.storyboard */,
				B905781C259214B500262100 /* Assets.xcassets */,
				B9057815259214B100262100 /* SceneDelegate.swift */,
				B905781E259214B500262100 /* LaunchScreen.storyboard */,
				B9057821259214B500262100 /* Info.plist */,
			);
			path = Todo;
			sourceTree = "<group>";
		};
		B9057829259214B500262100 /* TodoTests */ = {
			isa = PBXGroup;
			children = (
				B905782A259214B500262100 /* TodoTests.swift */,
				B905782C259214B500262100 /* Info.plist */,
			);
			path = TodoTests;
			sourceTree = "<group>";
		};
		B9057834259214B500262100 /* TodoUITests */ = {
			isa = PBXGroup;
			children = (
				B9057835259214B500262100 /* TodoUITests.swift */,
				B9057837259214B500262100 /* Info.plist */,
			);
			path = TodoUITests;
			sourceTree = "<group>";
		};
		B905784C25921FC800262100 /* Navigation */ = {
			isa = PBXGroup;
			children = (
				B905784D25921FEE00262100 /* NavigationBar.xib */,
				B90578522592200300262100 /* NavigationBar.swift */,
			);
			path = Navigation;
			sourceTree = "<group>";
		};
		B95D95CB25923C99006A373B /* Home */ = {
			isa = PBXGroup;
			children = (
				B9057817259214B100262100 /* Home.swift */,
			);
			path = Home;
			sourceTree = "<group>";
		};
		B95D95DA2592D8FF006A373B /* Component */ = {
			isa = PBXGroup;
			children = (
				B902BAE225939F560082A6DA /* Cells */,
				B905784C25921FC800262100 /* Navigation */,
			);
			path = Component;
			sourceTree = "<group>";
		};
/* End PBXGroup section */

/* Begin PBXNativeTarget section */
		B905780F259214B100262100 /* Todo */ = {
			isa = PBXNativeTarget;
			buildConfigurationList = B905783A259214B500262100 /* Build configuration list for PBXNativeTarget "Todo" */;
			buildPhases = (
				B905780C259214B100262100 /* Sources */,
				B905780D259214B100262100 /* Frameworks */,
				B905780E259214B100262100 /* Resources */,
			);
			buildRules = (
			);
			dependencies = (
			);
			name = Todo;
			productName = Todo;
			productReference = B9057810259214B100262100 /* Todo.app */;
			productType = "com.apple.product-type.application";
		};
		B9057825259214B500262100 /* TodoTests */ = {
			isa = PBXNativeTarget;
			buildConfigurationList = B905783D259214B500262100 /* Build configuration list for PBXNativeTarget "TodoTests" */;
			buildPhases = (
				B9057822259214B500262100 /* Sources */,
				B9057823259214B500262100 /* Frameworks */,
				B9057824259214B500262100 /* Resources */,
			);
			buildRules = (
			);
			dependencies = (
				B9057828259214B500262100 /* PBXTargetDependency */,
			);
			name = TodoTests;
			productName = TodoTests;
			productReference = B9057826259214B500262100 /* TodoTests.xctest */;
			productType = "com.apple.product-type.bundle.unit-test";
		};
		B9057830259214B500262100 /* TodoUITests */ = {
			isa = PBXNativeTarget;
			buildConfigurationList = B9057840259214B500262100 /* Build configuration list for PBXNativeTarget "TodoUITests" */;
			buildPhases = (
				B905782D259214B500262100 /* Sources */,
				B905782E259214B500262100 /* Frameworks */,
				B905782F259214B500262100 /* Resources */,
			);
			buildRules = (
			);
			dependencies = (
				B9057833259214B500262100 /* PBXTargetDependency */,
			);
			name = TodoUITests;
			productName = TodoUITests;
			productReference = B9057831259214B500262100 /* TodoUITests.xctest */;
			productType = "com.apple.product-type.bundle.ui-testing";
		};
/* End PBXNativeTarget section */

/* Begin PBXProject section */
		B9057808259214B100262100 /* Project object */ = {
			isa = PBXProject;
			attributes = {
				LastSwiftUpdateCheck = 1220;
				LastUpgradeCheck = 1220;
				TargetAttributes = {
					B905780F259214B100262100 = {
						CreatedOnToolsVersion = 12.2;
					};
					B9057825259214B500262100 = {
						CreatedOnToolsVersion = 12.2;
						TestTargetID = B905780F259214B100262100;
					};
					B9057830259214B500262100 = {
						CreatedOnToolsVersion = 12.2;
						TestTargetID = B905780F259214B100262100;
					};
				};
			};
			buildConfigurationList = B905780B259214B100262100 /* Build configuration list for PBXProject "Todo" */;
			compatibilityVersion = "Xcode 9.3";
			developmentRegion = en;
			hasScannedForEncodings = 0;
			knownRegions = (
				en,
				Base,
			);
			mainGroup = B9057807259214B100262100;
			productRefGroup = B9057811259214B100262100 /* Products */;
			projectDirPath = "";
			projectRoot = "";
			targets = (
				B905780F259214B100262100 /* Todo */,
				B9057825259214B500262100 /* TodoTests */,
				B9057830259214B500262100 /* TodoUITests */,
			);
		};
/* End PBXProject section */

/* Begin PBXResourcesBuildPhase section */
		B905780E259214B100262100 /* Resources */ = {
			isa = PBXResourcesBuildPhase;
			buildActionMask = 2147483647;
			files = (
				B9057820259214B500262100 /* LaunchScreen.storyboard in Resources */,
				B905781D259214B500262100 /* Assets.xcassets in Resources */,
				B905781B259214B100262100 /* Main.storyboard in Resources */,
				B905784E25921FEE00262100 /* NavigationBar.xib in Resources */,
			);
			runOnlyForDeploymentPostprocessing = 0;
		};
		B9057824259214B500262100 /* Resources */ = {
			isa = PBXResourcesBuildPhase;
			buildActionMask = 2147483647;
			files = (
			);
			runOnlyForDeploymentPostprocessing = 0;
		};
		B905782F259214B500262100 /* Resources */ = {
			isa = PBXResourcesBuildPhase;
			buildActionMask = 2147483647;
			files = (
			);
			runOnlyForDeploymentPostprocessing = 0;
		};
/* End PBXResourcesBuildPhase section */

/* Begin PBXSourcesBuildPhase section */
		B905780C259214B100262100 /* Sources */ = {
			isa = PBXSourcesBuildPhase;
			buildActionMask = 2147483647;
			files = (
				B902BB1325941A4F0082A6DA /* Profile.swift in Sources */,
				B9057818259214B100262100 /* Home.swift in Sources */,
				B9057814259214B100262100 /* AppDelegate.swift in Sources */,
				B902BAF62593AA290082A6DA /* Routine.swift in Sources */,
				B902BAE425939F6A0082A6DA /* Cell.swift in Sources */,
				B9057816259214B100262100 /* SceneDelegate.swift in Sources */,
				B90578532592200300262100 /* NavigationBar.swift in Sources */,
			);
			runOnlyForDeploymentPostprocessing = 0;
		};
		B9057822259214B500262100 /* Sources */ = {
			isa = PBXSourcesBuildPhase;
			buildActionMask = 2147483647;
			files = (
				B905782B259214B500262100 /* TodoTests.swift in Sources */,
			);
			runOnlyForDeploymentPostprocessing = 0;
		};
		B905782D259214B500262100 /* Sources */ = {
			isa = PBXSourcesBuildPhase;
			buildActionMask = 2147483647;
			files = (
				B9057836259214B500262100 /* TodoUITests.swift in Sources */,
			);
			runOnlyForDeploymentPostprocessing = 0;
		};
/* End PBXSourcesBuildPhase section */

/* Begin PBXTargetDependency section */
		B9057828259214B500262100 /* PBXTargetDependency */ = {
			isa = PBXTargetDependency;
			target = B905780F259214B100262100 /* Todo */;
			targetProxy = B9057827259214B500262100 /* PBXContainerItemProxy */;
		};
		B9057833259214B500262100 /* PBXTargetDependency */ = {
			isa = PBXTargetDependency;
			target = B905780F259214B100262100 /* Todo */;
			targetProxy = B9057832259214B500262100 /* PBXContainerItemProxy */;
		};
/* End PBXTargetDependency section */

/* Begin PBXVariantGroup section */
		B9057819259214B100262100 /* Main.storyboard */ = {
			isa = PBXVariantGroup;
			children = (
				B905781A259214B100262100 /* Base */,
			);
			name = Main.storyboard;
			sourceTree = "<group>";
		};
		B905781E259214B500262100 /* LaunchScreen.storyboard */ = {
			isa = PBXVariantGroup;
			children = (
				B905781F259214B500262100 /* Base */,
			);
			name = LaunchScreen.storyboard;
			sourceTree = "<group>";
		};
/* End PBXVariantGroup section */

/* Begin XCBuildConfiguration section */
		B9057838259214B500262100 /* Debug */ = {
			isa = XCBuildConfiguration;
			buildSettings = {
				ALWAYS_SEARCH_USER_PATHS = NO;
				CLANG_ANALYZER_NONNULL = YES;
				CLANG_ANALYZER_NUMBER_OBJECT_CONVERSION = YES_AGGRESSIVE;
				CLANG_CXX_LANGUAGE_STANDARD = "gnu++14";
				CLANG_CXX_LIBRARY = "libc++";
				CLANG_ENABLE_MODULES = YES;
				CLANG_ENABLE_OBJC_ARC = YES;
				CLANG_ENABLE_OBJC_WEAK = YES;
				CLANG_WARN_BLOCK_CAPTURE_AUTORELEASING = YES;
				CLANG_WARN_BOOL_CONVERSION = YES;
				CLANG_WARN_COMMA = YES;
				CLANG_WARN_CONSTANT_CONVERSION = YES;
				CLANG_WARN_DEPRECATED_OBJC_IMPLEMENTATIONS = YES;
				CLANG_WARN_DIRECT_OBJC_ISA_USAGE = YES_ERROR;
				CLANG_WARN_DOCUMENTATION_COMMENTS = YES;
				CLANG_WARN_EMPTY_BODY = YES;
				CLANG_WARN_ENUM_CONVERSION = YES;
				CLANG_WARN_INFINITE_RECURSION = YES;
				CLANG_WARN_INT_CONVERSION = YES;
				CLANG_WARN_NON_LITERAL_NULL_CONVERSION = YES;
				CLANG_WARN_OBJC_IMPLICIT_RETAIN_SELF = YES;
				CLANG_WARN_OBJC_LITERAL_CONVERSION = YES;
				CLANG_WARN_OBJC_ROOT_CLASS = YES_ERROR;
				CLANG_WARN_QUOTED_INCLUDE_IN_FRAMEWORK_HEADER = YES;
				CLANG_WARN_RANGE_LOOP_ANALYSIS = YES;
				CLANG_WARN_STRICT_PROTOTYPES = YES;
				CLANG_WARN_SUSPICIOUS_MOVE = YES;
				CLANG_WARN_UNGUARDED_AVAILABILITY = YES_AGGRESSIVE;
				CLANG_WARN_UNREACHABLE_CODE = YES;
				CLANG_WARN__DUPLICATE_METHOD_MATCH = YES;
				COPY_PHASE_STRIP = NO;
				DEBUG_INFORMATION_FORMAT = dwarf;
				ENABLE_STRICT_OBJC_MSGSEND = YES;
				ENABLE_TESTABILITY = YES;
				GCC_C_LANGUAGE_STANDARD = gnu11;
				GCC_DYNAMIC_NO_PIC = NO;
				GCC_NO_COMMON_BLOCKS = YES;
				GCC_OPTIMIZATION_LEVEL = 0;
				GCC_PREPROCESSOR_DEFINITIONS = (
					"DEBUG=1",
					"$(inherited)",
				);
				GCC_WARN_64_TO_32_BIT_CONVERSION = YES;
				GCC_WARN_ABOUT_RETURN_TYPE = YES_ERROR;
				GCC_WARN_UNDECLARED_SELECTOR = YES;
				GCC_WARN_UNINITIALIZED_AUTOS = YES_AGGRESSIVE;
				GCC_WARN_UNUSED_FUNCTION = YES;
				GCC_WARN_UNUSED_VARIABLE = YES;
				IPHONEOS_DEPLOYMENT_TARGET = 14.2;
				MTL_ENABLE_DEBUG_INFO = INCLUDE_SOURCE;
				MTL_FAST_MATH = YES;
				ONLY_ACTIVE_ARCH = YES;
				SDKROOT = iphoneos;
				SWIFT_ACTIVE_COMPILATION_CONDITIONS = DEBUG;
				SWIFT_OPTIMIZATION_LEVEL = "-Onone";
			};
			name = Debug;
		};
		B9057839259214B500262100 /* Release */ = {
			isa = XCBuildConfiguration;
			buildSettings = {
				ALWAYS_SEARCH_USER_PATHS = NO;
				CLANG_ANALYZER_NONNULL = YES;
				CLANG_ANALYZER_NUMBER_OBJECT_CONVERSION = YES_AGGRESSIVE;
				CLANG_CXX_LANGUAGE_STANDARD = "gnu++14";
				CLANG_CXX_LIBRARY = "libc++";
				CLANG_ENABLE_MODULES = YES;
				CLANG_ENABLE_OBJC_ARC = YES;
				CLANG_ENABLE_OBJC_WEAK = YES;
				CLANG_WARN_BLOCK_CAPTURE_AUTORELEASING = YES;
				CLANG_WARN_BOOL_CONVERSION = YES;
				CLANG_WARN_COMMA = YES;
				CLANG_WARN_CONSTANT_CONVERSION = YES;
				CLANG_WARN_DEPRECATED_OBJC_IMPLEMENTATIONS = YES;
				CLANG_WARN_DIRECT_OBJC_ISA_USAGE = YES_ERROR;
				CLANG_WARN_DOCUMENTATION_COMMENTS = YES;
				CLANG_WARN_EMPTY_BODY = YES;
				CLANG_WARN_ENUM_CONVERSION = YES;
				CLANG_WARN_INFINITE_RECURSION = YES;
				CLANG_WARN_INT_CONVERSION = YES;
				CLANG_WARN_NON_LITERAL_NULL_CONVERSION = YES;
				CLANG_WARN_OBJC_IMPLICIT_RETAIN_SELF = YES;
				CLANG_WARN_OBJC_LITERAL_CONVERSION = YES;
				CLANG_WARN_OBJC_ROOT_CLASS = YES_ERROR;
				CLANG_WARN_QUOTED_INCLUDE_IN_FRAMEWORK_HEADER = YES;
				CLANG_WARN_RANGE_LOOP_ANALYSIS = YES;
				CLANG_WARN_STRICT_PROTOTYPES = YES;
				CLANG_WARN_SUSPICIOUS_MOVE = YES;
				CLANG_WARN_UNGUARDED_AVAILABILITY = YES_AGGRESSIVE;
				CLANG_WARN_UNREACHABLE_CODE = YES;
				CLANG_WARN__DUPLICATE_METHOD_MATCH = YES;
				COPY_PHASE_STRIP = NO;
				DEBUG_INFORMATION_FORMAT = "dwarf-with-dsym";
				ENABLE_NS_ASSERTIONS = NO;
				ENABLE_STRICT_OBJC_MSGSEND = YES;
				GCC_C_LANGUAGE_STANDARD = gnu11;
				GCC_NO_COMMON_BLOCKS = YES;
				GCC_WARN_64_TO_32_BIT_CONVERSION = YES;
				GCC_WARN_ABOUT_RETURN_TYPE = YES_ERROR;
				GCC_WARN_UNDECLARED_SELECTOR = YES;
				GCC_WARN_UNINITIALIZED_AUTOS = YES_AGGRESSIVE;
				GCC_WARN_UNUSED_FUNCTION = YES;
				GCC_WARN_UNUSED_VARIABLE = YES;
				IPHONEOS_DEPLOYMENT_TARGET = 14.2;
				MTL_ENABLE_DEBUG_INFO = NO;
				MTL_FAST_MATH = YES;
				SDKROOT = iphoneos;
				SWIFT_COMPILATION_MODE = wholemodule;
				SWIFT_OPTIMIZATION_LEVEL = "-O";
				VALIDATE_PRODUCT = YES;
			};
			name = Release;
		};
		B905783B259214B500262100 /* Debug */ = {
			isa = XCBuildConfiguration;
			buildSettings = {
				ASSETCATALOG_COMPILER_APPICON_NAME = AppIcon;
				ASSETCATALOG_COMPILER_GLOBAL_ACCENT_COLOR_NAME = AccentColor;
				CODE_SIGN_STYLE = Automatic;
				DEVELOPMENT_TEAM = XWRB9M65QY;
				INFOPLIST_FILE = Todo/Info.plist;
				LD_RUNPATH_SEARCH_PATHS = (
					"$(inherited)",
					"@executable_path/Frameworks",
				);
				PRODUCT_BUNDLE_IDENTIFIER = ignatiojulian.Todo;
				PRODUCT_NAME = "$(TARGET_NAME)";
				SWIFT_VERSION = 5.0;
				TARGETED_DEVICE_FAMILY = 1;
			};
			name = Debug;
		};
		B905783C259214B500262100 /* Release */ = {
			isa = XCBuildConfiguration;
			buildSettings = {
				ASSETCATALOG_COMPILER_APPICON_NAME = AppIcon;
				ASSETCATALOG_COMPILER_GLOBAL_ACCENT_COLOR_NAME = AccentColor;
				CODE_SIGN_STYLE = Automatic;
				DEVELOPMENT_TEAM = XWRB9M65QY;
				INFOPLIST_FILE = Todo/Info.plist;
				LD_RUNPATH_SEARCH_PATHS = (
					"$(inherited)",
					"@executable_path/Frameworks",
				);
				PRODUCT_BUNDLE_IDENTIFIER = ignatiojulian.Todo;
				PRODUCT_NAME = "$(TARGET_NAME)";
				SWIFT_VERSION = 5.0;
				TARGETED_DEVICE_FAMILY = 1;
			};
			name = Release;
		};
		B905783E259214B500262100 /* Debug */ = {
			isa = XCBuildConfiguration;
			buildSettings = {
				ALWAYS_EMBED_SWIFT_STANDARD_LIBRARIES = YES;
				BUNDLE_LOADER = "$(TEST_HOST)";
				CODE_SIGN_STYLE = Automatic;
				DEVELOPMENT_TEAM = XWRB9M65QY;
				INFOPLIST_FILE = TodoTests/Info.plist;
				IPHONEOS_DEPLOYMENT_TARGET = 14.2;
				LD_RUNPATH_SEARCH_PATHS = (
					"$(inherited)",
					"@executable_path/Frameworks",
					"@loader_path/Frameworks",
				);
				PRODUCT_BUNDLE_IDENTIFIER = ignatiojulian.TodoTests;
				PRODUCT_NAME = "$(TARGET_NAME)";
				SWIFT_VERSION = 5.0;
				TARGETED_DEVICE_FAMILY = "1,2";
				TEST_HOST = "$(BUILT_PRODUCTS_DIR)/Todo.app/Todo";
			};
			name = Debug;
		};
		B905783F259214B500262100 /* Release */ = {
			isa = XCBuildConfiguration;
			buildSettings = {
				ALWAYS_EMBED_SWIFT_STANDARD_LIBRARIES = YES;
				BUNDLE_LOADER = "$(TEST_HOST)";
				CODE_SIGN_STYLE = Automatic;
				DEVELOPMENT_TEAM = XWRB9M65QY;
				INFOPLIST_FILE = TodoTests/Info.plist;
				IPHONEOS_DEPLOYMENT_TARGET = 14.2;
				LD_RUNPATH_SEARCH_PATHS = (
					"$(inherited)",
					"@executable_path/Frameworks",
					"@loader_path/Frameworks",
				);
				PRODUCT_BUNDLE_IDENTIFIER = ignatiojulian.TodoTests;
				PRODUCT_NAME = "$(TARGET_NAME)";
				SWIFT_VERSION = 5.0;
				TARGETED_DEVICE_FAMILY = "1,2";
				TEST_HOST = "$(BUILT_PRODUCTS_DIR)/Todo.app/Todo";
			};
			name = Release;
		};
		B9057841259214B500262100 /* Debug */ = {
			isa = XCBuildConfiguration;
			buildSettings = {
				ALWAYS_EMBED_SWIFT_STANDARD_LIBRARIES = YES;
				CODE_SIGN_STYLE = Automatic;
				DEVELOPMENT_TEAM = XWRB9M65QY;
				INFOPLIST_FILE = TodoUITests/Info.plist;
				LD_RUNPATH_SEARCH_PATHS = (
					"$(inherited)",
					"@executable_path/Frameworks",
					"@loader_path/Frameworks",
				);
				PRODUCT_BUNDLE_IDENTIFIER = ignatiojulian.TodoUITests;
				PRODUCT_NAME = "$(TARGET_NAME)";
				SWIFT_VERSION = 5.0;
				TARGETED_DEVICE_FAMILY = "1,2";
				TEST_TARGET_NAME = Todo;
			};
			name = Debug;
		};
		B9057842259214B500262100 /* Release */ = {
			isa = XCBuildConfiguration;
			buildSettings = {
				ALWAYS_EMBED_SWIFT_STANDARD_LIBRARIES = YES;
				CODE_SIGN_STYLE = Automatic;
				DEVELOPMENT_TEAM = XWRB9M65QY;
				INFOPLIST_FILE = TodoUITests/Info.plist;
				LD_RUNPATH_SEARCH_PATHS = (
					"$(inherited)",
					"@executable_path/Frameworks",
					"@loader_path/Frameworks",
				);
				PRODUCT_BUNDLE_IDENTIFIER = ignatiojulian.TodoUITests;
				PRODUCT_NAME = "$(TARGET_NAME)";
				SWIFT_VERSION = 5.0;
				TARGETED_DEVICE_FAMILY = "1,2";
				TEST_TARGET_NAME = Todo;
			};
			name = Release;
		};
/* End XCBuildConfiguration section */

/* Begin XCConfigurationList section */
		B905780B259214B100262100 /* Build configuration list for PBXProject "Todo" */ = {
			isa = XCConfigurationList;
			buildConfigurations = (
				B9057838259214B500262100 /* Debug */,
				B9057839259214B500262100 /* Release */,
			);
			defaultConfigurationIsVisible = 0;
			defaultConfigurationName = Release;
		};
		B905783A259214B500262100 /* Build configuration list for PBXNativeTarget "Todo" */ = {
			isa = XCConfigurationList;
			buildConfigurations = (
				B905783B259214B500262100 /* Debug */,
				B905783C259214B500262100 /* Release */,
			);
			defaultConfigurationIsVisible = 0;
			defaultConfigurationName = Release;
		};
		B905783D259214B500262100 /* Build configuration list for PBXNativeTarget "TodoTests" */ = {
			isa = XCConfigurationList;
			buildConfigurations = (
				B905783E259214B500262100 /* Debug */,
				B905783F259214B500262100 /* Release */,
			);
			defaultConfigurationIsVisible = 0;
			defaultConfigurationName = Release;
		};
		B9057840259214B500262100 /* Build configuration list for PBXNativeTarget "TodoUITests" */ = {
			isa = XCConfigurationList;
			buildConfigurations = (
				B9057841259214B500262100 /* Debug */,
				B9057842259214B500262100 /* Release */,
			);
			defaultConfigurationIsVisible = 0;
			defaultConfigurationName = Release;
		};
/* End XCConfigurationList section */
	};
	rootObject = B9057808259214B100262100 /* Project object */;
}
